// !$*UTF8*$!
{
	archiveVersion = 1;
	classes = {
	};
	objectVersion = 46;
	objects = {

/* Begin PBXBuildFile section */
		6519FC4B181CCE5E0010942A /* FeatureCell.m in Sources */ = {isa = PBXBuildFile; fileRef = 6519FC4A181CCE5E0010942A /* FeatureCell.m */; };
		6519FC4F182346EC0010942A /* MBProgressHUD.m in Sources */ = {isa = PBXBuildFile; fileRef = 6519FC4E182346EC0010942A /* MBProgressHUD.m */; };
		6519FC51182346FA0010942A /* LICENSE in Resources */ = {isa = PBXBuildFile; fileRef = 6519FC50182346FA0010942A /* LICENSE */; };
		6519FC5718236CFB0010942A /* VC_SegueCateItemReview.m in Sources */ = {isa = PBXBuildFile; fileRef = 6519FC5618236CFB0010942A /* VC_SegueCateItemReview.m */; };
		6519FC5A182378570010942A /* StorageModel.m in Sources */ = {isa = PBXBuildFile; fileRef = 6519FC59182378570010942A /* StorageModel.m */; };
		6519FC5D18237A2E0010942A /* ItemDataModel.m in Sources */ = {isa = PBXBuildFile; fileRef = 6519FC5C18237A2E0010942A /* ItemDataModel.m */; };
		6519FC5F18240CC30010942A /* Shephertz_App42_iOS_API.framework in Frameworks */ = {isa = PBXBuildFile; fileRef = 6519FC5E18240CC30010942A /* Shephertz_App42_iOS_API.framework */; };
		6519FC63182492B70010942A /* JSONKit.m in Sources */ = {isa = PBXBuildFile; fileRef = 6519FC62182492B70010942A /* JSONKit.m */; };
		6536E4321825ED810024CAF2 /* AsyncImageView.m in Sources */ = {isa = PBXBuildFile; fileRef = 6536E4311825ED810024CAF2 /* AsyncImageView.m */; };
		6590951717B8D1CD0068F69B /* App42_API_Utils.m in Sources */ = {isa = PBXBuildFile; fileRef = 6590951617B8D1CD0068F69B /* App42_API_Utils.m */; };
		6590951A17BB3A820068F69B /* ReviewModel.m in Sources */ = {isa = PBXBuildFile; fileRef = 6590951917BB3A820068F69B /* ReviewModel.m */; };
		6590951D17BB3D070068F69B /* UploadModel.m in Sources */ = {isa = PBXBuildFile; fileRef = 6590951C17BB3D070068F69B /* UploadModel.m */; };
		6591054E17B681410085BEE6 /* UserModel.m in Sources */ = {isa = PBXBuildFile; fileRef = 6591054D17B681410085BEE6 /* UserModel.m */; };
		6598CADA17B48B5A0054E127 /* ComplexReviewViewController.m in Sources */ = {isa = PBXBuildFile; fileRef = 6598CAD917B48B5A0054E127 /* ComplexReviewViewController.m */; };
		65A4716C181752F600C18DAC /* VC_SegueImageUpload.m in Sources */ = {isa = PBXBuildFile; fileRef = 65A4716B181752F600C18DAC /* VC_SegueImageUpload.m */; };
		65A4716F181754A200C18DAC /* VC_SegueCateItemAdd.m in Sources */ = {isa = PBXBuildFile; fileRef = 65A4716E181754A200C18DAC /* VC_SegueCateItemAdd.m */; };
		65B2C20817C3C6EC001D2445 /* FourthViewController.m in Sources */ = {isa = PBXBuildFile; fileRef = 65B2C20717C3C6EC001D2445 /* FourthViewController.m */; };
		65B2C20F17C7B820001D2445 /* Hanbuger00.jpg in Resources */ = {isa = PBXBuildFile; fileRef = 65B2C20E17C7B820001D2445 /* Hanbuger00.jpg */; };
		65B2C21117C7BBFA001D2445 /* Scallop00.jpg in Resources */ = {isa = PBXBuildFile; fileRef = 65B2C21017C7BBFA001D2445 /* Scallop00.jpg */; };
		65C004AA17B4F61E00D3565F /* LoginViewController.m in Sources */ = {isa = PBXBuildFile; fileRef = 65C004A917B4F61E00D3565F /* LoginViewController.m */; };
		65E11AA117B33D0600940B1A /* UIKit.framework in Frameworks */ = {isa = PBXBuildFile; fileRef = 65E11AA017B33D0600940B1A /* UIKit.framework */; };
		65E11AA317B33D0600940B1A /* Foundation.framework in Frameworks */ = {isa = PBXBuildFile; fileRef = 65E11AA217B33D0600940B1A /* Foundation.framework */; };
		65E11AA517B33D0600940B1A /* CoreGraphics.framework in Frameworks */ = {isa = PBXBuildFile; fileRef = 65E11AA417B33D0600940B1A /* CoreGraphics.framework */; };
		65E11AAB17B33D0600940B1A /* InfoPlist.strings in Resources */ = {isa = PBXBuildFile; fileRef = 65E11AA917B33D0600940B1A /* InfoPlist.strings */; };
		65E11AAD17B33D0600940B1A /* main.m in Sources */ = {isa = PBXBuildFile; fileRef = 65E11AAC17B33D0600940B1A /* main.m */; };
		65E11AB117B33D0600940B1A /* AppDelegate.m in Sources */ = {isa = PBXBuildFile; fileRef = 65E11AB017B33D0600940B1A /* AppDelegate.m */; };
		65E11AB317B33D0600940B1A /* Default.png in Resources */ = {isa = PBXBuildFile; fileRef = 65E11AB217B33D0600940B1A /* Default.png */; };
		65E11AB517B33D0600940B1A /* Default@2x.png in Resources */ = {isa = PBXBuildFile; fileRef = 65E11AB417B33D0600940B1A /* Default@2x.png */; };
		65E11AB717B33D0600940B1A /* Default-568h@2x.png in Resources */ = {isa = PBXBuildFile; fileRef = 65E11AB617B33D0600940B1A /* Default-568h@2x.png */; };
		65E11ABA17B33D0600940B1A /* MainStoryboard_iPhone.storyboard in Resources */ = {isa = PBXBuildFile; fileRef = 65E11AB817B33D0600940B1A /* MainStoryboard_iPhone.storyboard */; };
		65E11ABD17B33D0600940B1A /* MainStoryboard_iPad.storyboard in Resources */ = {isa = PBXBuildFile; fileRef = 65E11ABB17B33D0600940B1A /* MainStoryboard_iPad.storyboard */; };
		65E11AC017B33D0600940B1A /* VC_FeatureCateItems.m in Sources */ = {isa = PBXBuildFile; fileRef = 65E11ABF17B33D0600940B1A /* VC_FeatureCateItems.m */; };
		65E11AC217B33D0600940B1A /* first.png in Resources */ = {isa = PBXBuildFile; fileRef = 65E11AC117B33D0600940B1A /* first.png */; };
		65E11AC417B33D0600940B1A /* first@2x.png in Resources */ = {isa = PBXBuildFile; fileRef = 65E11AC317B33D0600940B1A /* first@2x.png */; };
		65E11AC717B33D0600940B1A /* SecondViewController.m in Sources */ = {isa = PBXBuildFile; fileRef = 65E11AC617B33D0600940B1A /* SecondViewController.m */; };
		65E11AC917B33D0600940B1A /* second.png in Resources */ = {isa = PBXBuildFile; fileRef = 65E11AC817B33D0600940B1A /* second.png */; };
		65E11ACB17B33D0700940B1A /* second@2x.png in Resources */ = {isa = PBXBuildFile; fileRef = 65E11ACA17B33D0600940B1A /* second@2x.png */; };
		65F8392B17F110E000BAC36A /* 1Star.png in Resources */ = {isa = PBXBuildFile; fileRef = 65F8392617F110E000BAC36A /* 1Star.png */; };
		65F8392C17F110E000BAC36A /* 2Stars.png in Resources */ = {isa = PBXBuildFile; fileRef = 65F8392717F110E000BAC36A /* 2Stars.png */; };
		65F8392D17F110E000BAC36A /* 3Stars.png in Resources */ = {isa = PBXBuildFile; fileRef = 65F8392817F110E000BAC36A /* 3Stars.png */; };
		65F8392E17F110E000BAC36A /* 4Stars.png in Resources */ = {isa = PBXBuildFile; fileRef = 65F8392917F110E000BAC36A /* 4Stars.png */; };
		65F8392F17F110E000BAC36A /* 5Stars.png in Resources */ = {isa = PBXBuildFile; fileRef = 65F8392A17F110E000BAC36A /* 5Stars.png */; };
/* End PBXBuildFile section */

/* Begin PBXFileReference section */
		6519FC49181CCE5E0010942A /* FeatureCell.h */ = {isa = PBXFileReference; fileEncoding = 4; lastKnownFileType = sourcecode.c.h; path = FeatureCell.h; sourceTree = "<group>"; };
		6519FC4A181CCE5E0010942A /* FeatureCell.m */ = {isa = PBXFileReference; fileEncoding = 4; lastKnownFileType = sourcecode.c.objc; path = FeatureCell.m; sourceTree = "<group>"; };
		6519FC4D182346EC0010942A /* MBProgressHUD.h */ = {isa = PBXFileReference; fileEncoding = 4; lastKnownFileType = sourcecode.c.h; path = MBProgressHUD.h; sourceTree = "<group>"; };
		6519FC4E182346EC0010942A /* MBProgressHUD.m */ = {isa = PBXFileReference; fileEncoding = 4; lastKnownFileType = sourcecode.c.objc; path = MBProgressHUD.m; sourceTree = "<group>"; };
		6519FC50182346FA0010942A /* LICENSE */ = {isa = PBXFileReference; fileEncoding = 4; lastKnownFileType = text; path = LICENSE; sourceTree = "<group>"; };
		6519FC5518236CFB0010942A /* VC_SegueCateItemReview.h */ = {isa = PBXFileReference; fileEncoding = 4; lastKnownFileType = sourcecode.c.h; path = VC_SegueCateItemReview.h; sourceTree = "<group>"; };
		6519FC5618236CFB0010942A /* VC_SegueCateItemReview.m */ = {isa = PBXFileReference; fileEncoding = 4; lastKnownFileType = sourcecode.c.objc; path = VC_SegueCateItemReview.m; sourceTree = "<group>"; };
		6519FC58182378570010942A /* StorageModel.h */ = {isa = PBXFileReference; fileEncoding = 4; lastKnownFileType = sourcecode.c.h; path = StorageModel.h; sourceTree = "<group>"; };
		6519FC59182378570010942A /* StorageModel.m */ = {isa = PBXFileReference; fileEncoding = 4; lastKnownFileType = sourcecode.c.objc; path = StorageModel.m; sourceTree = "<group>"; };
		6519FC5B18237A2E0010942A /* ItemDataModel.h */ = {isa = PBXFileReference; fileEncoding = 4; lastKnownFileType = sourcecode.c.h; path = ItemDataModel.h; sourceTree = "<group>"; };
		6519FC5C18237A2E0010942A /* ItemDataModel.m */ = {isa = PBXFileReference; fileEncoding = 4; lastKnownFileType = sourcecode.c.objc; path = ItemDataModel.m; sourceTree = "<group>"; };
		6519FC5E18240CC30010942A /* Shephertz_App42_iOS_API.framework */ = {isa = PBXFileReference; lastKnownFileType = wrapper.framework; name = Shephertz_App42_iOS_API.framework; path = ../../../App42_iOS_SDK/1.7/Shephertz_App42_iOS_API.framework; sourceTree = "<group>"; };
		6519FC61182492B70010942A /* JSONKit.h */ = {isa = PBXFileReference; fileEncoding = 4; lastKnownFileType = sourcecode.c.h; path = JSONKit.h; sourceTree = "<group>"; };
		6519FC62182492B70010942A /* JSONKit.m */ = {isa = PBXFileReference; fileEncoding = 4; lastKnownFileType = sourcecode.c.objc; path = JSONKit.m; sourceTree = "<group>"; };
		6536E4301825ED810024CAF2 /* AsyncImageView.h */ = {isa = PBXFileReference; fileEncoding = 4; lastKnownFileType = sourcecode.c.h; path = AsyncImageView.h; sourceTree = "<group>"; };
		6536E4311825ED810024CAF2 /* AsyncImageView.m */ = {isa = PBXFileReference; fileEncoding = 4; lastKnownFileType = sourcecode.c.objc; path = AsyncImageView.m; sourceTree = "<group>"; };
		6590951517B8D1CD0068F69B /* App42_API_Utils.h */ = {isa = PBXFileReference; fileEncoding = 4; lastKnownFileType = sourcecode.c.h; path = App42_API_Utils.h; sourceTree = "<group>"; };
		6590951617B8D1CD0068F69B /* App42_API_Utils.m */ = {isa = PBXFileReference; fileEncoding = 4; lastKnownFileType = sourcecode.c.objc; path = App42_API_Utils.m; sourceTree = "<group>"; };
		6590951817BB3A820068F69B /* ReviewModel.h */ = {isa = PBXFileReference; fileEncoding = 4; lastKnownFileType = sourcecode.c.h; path = ReviewModel.h; sourceTree = "<group>"; };
		6590951917BB3A820068F69B /* ReviewModel.m */ = {isa = PBXFileReference; fileEncoding = 4; lastKnownFileType = sourcecode.c.objc; path = ReviewModel.m; sourceTree = "<group>"; };
		6590951B17BB3D070068F69B /* UploadModel.h */ = {isa = PBXFileReference; fileEncoding = 4; lastKnownFileType = sourcecode.c.h; path = UploadModel.h; sourceTree = "<group>"; };
		6590951C17BB3D070068F69B /* UploadModel.m */ = {isa = PBXFileReference; fileEncoding = 4; lastKnownFileType = sourcecode.c.objc; path = UploadModel.m; sourceTree = "<group>"; };
		6591054C17B681410085BEE6 /* UserModel.h */ = {isa = PBXFileReference; fileEncoding = 4; lastKnownFileType = sourcecode.c.h; path = UserModel.h; sourceTree = "<group>"; };
		6591054D17B681410085BEE6 /* UserModel.m */ = {isa = PBXFileReference; fileEncoding = 4; lastKnownFileType = sourcecode.c.objc; path = UserModel.m; sourceTree = "<group>"; };
		6598CAD817B48B5A0054E127 /* ComplexReviewViewController.h */ = {isa = PBXFileReference; fileEncoding = 4; lastKnownFileType = sourcecode.c.h; path = ComplexReviewViewController.h; sourceTree = "<group>"; };
		6598CAD917B48B5A0054E127 /* ComplexReviewViewController.m */ = {isa = PBXFileReference; fileEncoding = 4; lastKnownFileType = sourcecode.c.objc; path = ComplexReviewViewController.m; sourceTree = "<group>"; };
		65A4716A181752F600C18DAC /* VC_SegueImageUpload.h */ = {isa = PBXFileReference; fileEncoding = 4; lastKnownFileType = sourcecode.c.h; path = VC_SegueImageUpload.h; sourceTree = "<group>"; };
		65A4716B181752F600C18DAC /* VC_SegueImageUpload.m */ = {isa = PBXFileReference; fileEncoding = 4; lastKnownFileType = sourcecode.c.objc; path = VC_SegueImageUpload.m; sourceTree = "<group>"; };
		65A4716D181754A200C18DAC /* VC_SegueCateItemAdd.h */ = {isa = PBXFileReference; fileEncoding = 4; lastKnownFileType = sourcecode.c.h; path = VC_SegueCateItemAdd.h; sourceTree = "<group>"; };
		65A4716E181754A200C18DAC /* VC_SegueCateItemAdd.m */ = {isa = PBXFileReference; fileEncoding = 4; lastKnownFileType = sourcecode.c.objc; path = VC_SegueCateItemAdd.m; sourceTree = "<group>"; };
		65B2C20617C3C6EC001D2445 /* FourthViewController.h */ = {isa = PBXFileReference; fileEncoding = 4; lastKnownFileType = sourcecode.c.h; path = FourthViewController.h; sourceTree = "<group>"; };
		65B2C20717C3C6EC001D2445 /* FourthViewController.m */ = {isa = PBXFileReference; fileEncoding = 4; lastKnownFileType = sourcecode.c.objc; path = FourthViewController.m; sourceTree = "<group>"; };
		65B2C20E17C7B820001D2445 /* Hanbuger00.jpg */ = {isa = PBXFileReference; lastKnownFileType = image.jpeg; path = Hanbuger00.jpg; sourceTree = "<group>"; };
		65B2C21017C7BBFA001D2445 /* Scallop00.jpg */ = {isa = PBXFileReference; lastKnownFileType = image.jpeg; path = Scallop00.jpg; sourceTree = "<group>"; };
		65C004A817B4F61D00D3565F /* LoginViewController.h */ = {isa = PBXFileReference; fileEncoding = 4; lastKnownFileType = sourcecode.c.h; name = LoginViewController.h; path = ../LoginViewController.h; sourceTree = "<group>"; };
		65C004A917B4F61E00D3565F /* LoginViewController.m */ = {isa = PBXFileReference; fileEncoding = 4; lastKnownFileType = sourcecode.c.objc; name = LoginViewController.m; path = ../LoginViewController.m; sourceTree = "<group>"; };
		65E11A9D17B33D0600940B1A /* FurryBear_iOS.app */ = {isa = PBXFileReference; explicitFileType = wrapper.application; includeInIndex = 0; path = FurryBear_iOS.app; sourceTree = BUILT_PRODUCTS_DIR; };
		65E11AA017B33D0600940B1A /* UIKit.framework */ = {isa = PBXFileReference; lastKnownFileType = wrapper.framework; name = UIKit.framework; path = System/Library/Frameworks/UIKit.framework; sourceTree = SDKROOT; };
		65E11AA217B33D0600940B1A /* Foundation.framework */ = {isa = PBXFileReference; lastKnownFileType = wrapper.framework; name = Foundation.framework; path = System/Library/Frameworks/Foundation.framework; sourceTree = SDKROOT; };
		65E11AA417B33D0600940B1A /* CoreGraphics.framework */ = {isa = PBXFileReference; lastKnownFileType = wrapper.framework; name = CoreGraphics.framework; path = System/Library/Frameworks/CoreGraphics.framework; sourceTree = SDKROOT; };
		65E11AA817B33D0600940B1A /* FurryBear_iOS-Info.plist */ = {isa = PBXFileReference; lastKnownFileType = text.plist.xml; path = "FurryBear_iOS-Info.plist"; sourceTree = "<group>"; };
		65E11AAA17B33D0600940B1A /* en */ = {isa = PBXFileReference; lastKnownFileType = text.plist.strings; name = en; path = en.lproj/InfoPlist.strings; sourceTree = "<group>"; };
		65E11AAC17B33D0600940B1A /* main.m */ = {isa = PBXFileReference; lastKnownFileType = sourcecode.c.objc; path = main.m; sourceTree = "<group>"; };
		65E11AAE17B33D0600940B1A /* FurryBear_iOS-Prefix.pch */ = {isa = PBXFileReference; lastKnownFileType = sourcecode.c.h; path = "FurryBear_iOS-Prefix.pch"; sourceTree = "<group>"; };
		65E11AAF17B33D0600940B1A /* AppDelegate.h */ = {isa = PBXFileReference; lastKnownFileType = sourcecode.c.h; path = AppDelegate.h; sourceTree = "<group>"; };
		65E11AB017B33D0600940B1A /* AppDelegate.m */ = {isa = PBXFileReference; lastKnownFileType = sourcecode.c.objc; path = AppDelegate.m; sourceTree = "<group>"; };
		65E11AB217B33D0600940B1A /* Default.png */ = {isa = PBXFileReference; lastKnownFileType = image.png; path = Default.png; sourceTree = "<group>"; };
		65E11AB417B33D0600940B1A /* Default@2x.png */ = {isa = PBXFileReference; lastKnownFileType = image.png; path = "Default@2x.png"; sourceTree = "<group>"; };
		65E11AB617B33D0600940B1A /* Default-568h@2x.png */ = {isa = PBXFileReference; lastKnownFileType = image.png; path = "Default-568h@2x.png"; sourceTree = "<group>"; };
		65E11AB917B33D0600940B1A /* en */ = {isa = PBXFileReference; lastKnownFileType = file.storyboard; name = en; path = en.lproj/MainStoryboard_iPhone.storyboard; sourceTree = "<group>"; };
		65E11ABC17B33D0600940B1A /* en */ = {isa = PBXFileReference; lastKnownFileType = file.storyboard; name = en; path = en.lproj/MainStoryboard_iPad.storyboard; sourceTree = "<group>"; };
		65E11ABE17B33D0600940B1A /* VC_FeatureCateItems.h */ = {isa = PBXFileReference; lastKnownFileType = sourcecode.c.h; path = VC_FeatureCateItems.h; sourceTree = "<group>"; };
		65E11ABF17B33D0600940B1A /* VC_FeatureCateItems.m */ = {isa = PBXFileReference; lastKnownFileType = sourcecode.c.objc; path = VC_FeatureCateItems.m; sourceTree = "<group>"; };
		65E11AC117B33D0600940B1A /* first.png */ = {isa = PBXFileReference; lastKnownFileType = image.png; path = first.png; sourceTree = "<group>"; };
		65E11AC317B33D0600940B1A /* first@2x.png */ = {isa = PBXFileReference; lastKnownFileType = image.png; path = "first@2x.png"; sourceTree = "<group>"; };
		65E11AC517B33D0600940B1A /* SecondViewController.h */ = {isa = PBXFileReference; lastKnownFileType = sourcecode.c.h; path = SecondViewController.h; sourceTree = "<group>"; };
		65E11AC617B33D0600940B1A /* SecondViewController.m */ = {isa = PBXFileReference; lastKnownFileType = sourcecode.c.objc; path = SecondViewController.m; sourceTree = "<group>"; };
		65E11AC817B33D0600940B1A /* second.png */ = {isa = PBXFileReference; lastKnownFileType = image.png; path = second.png; sourceTree = "<group>"; };
		65E11ACA17B33D0600940B1A /* second@2x.png */ = {isa = PBXFileReference; lastKnownFileType = image.png; path = "second@2x.png"; sourceTree = "<group>"; };
		65F8392617F110E000BAC36A /* 1Star.png */ = {isa = PBXFileReference; lastKnownFileType = image.png; path = 1Star.png; sourceTree = "<group>"; };
		65F8392717F110E000BAC36A /* 2Stars.png */ = {isa = PBXFileReference; lastKnownFileType = image.png; path = 2Stars.png; sourceTree = "<group>"; };
		65F8392817F110E000BAC36A /* 3Stars.png */ = {isa = PBXFileReference; lastKnownFileType = image.png; path = 3Stars.png; sourceTree = "<group>"; };
		65F8392917F110E000BAC36A /* 4Stars.png */ = {isa = PBXFileReference; lastKnownFileType = image.png; path = 4Stars.png; sourceTree = "<group>"; };
		65F8392A17F110E000BAC36A /* 5Stars.png */ = {isa = PBXFileReference; lastKnownFileType = image.png; path = 5Stars.png; sourceTree = "<group>"; };
/* End PBXFileReference section */

/* Begin PBXFrameworksBuildPhase section */
		65E11A9A17B33D0600940B1A /* Frameworks */ = {
			isa = PBXFrameworksBuildPhase;
			buildActionMask = 2147483647;
			files = (
				6519FC5F18240CC30010942A /* Shephertz_App42_iOS_API.framework in Frameworks */,
				65E11AA117B33D0600940B1A /* UIKit.framework in Frameworks */,
				65E11AA317B33D0600940B1A /* Foundation.framework in Frameworks */,
				65E11AA517B33D0600940B1A /* CoreGraphics.framework in Frameworks */,
			);
			runOnlyForDeploymentPostprocessing = 0;
		};
/* End PBXFrameworksBuildPhase section */

/* Begin PBXGroup section */
		6519FC48181CCAA40010942A /* cells */ = {
			isa = PBXGroup;
			children = (
				6519FC49181CCE5E0010942A /* FeatureCell.h */,
				6519FC4A181CCE5E0010942A /* FeatureCell.m */,
			);
			name = cells;
			sourceTree = "<group>";
		};
		6519FC4C182346BF0010942A /* MBProgressHUD */ = {
			isa = PBXGroup;
			children = (
				6519FC50182346FA0010942A /* LICENSE */,
				6519FC4D182346EC0010942A /* MBProgressHUD.h */,
				6519FC4E182346EC0010942A /* MBProgressHUD.m */,
			);
			name = MBProgressHUD;
			sourceTree = "<group>";
		};
		6519FC601824929F0010942A /* JSONKit */ = {
			isa = PBXGroup;
			children = (
				6519FC61182492B70010942A /* JSONKit.h */,
				6519FC62182492B70010942A /* JSONKit.m */,
			);
			name = JSONKit;
			sourceTree = "<group>";
		};
		6519FC641824975C0010942A /* vo */ = {
			isa = PBXGroup;
			children = (
			);
			name = vo;
			sourceTree = "<group>";
		};
		6536E42F1825ED640024CAF2 /* AsyncImageView */ = {
			isa = PBXGroup;
			children = (
				6536E4301825ED810024CAF2 /* AsyncImageView.h */,
				6536E4311825ED810024CAF2 /* AsyncImageView.m */,
			);
			name = AsyncImageView;
			sourceTree = "<group>";
		};
		6590950C17B8B0F40068F69B /* assets */ = {
			isa = PBXGroup;
			children = (
				65F8392617F110E000BAC36A /* 1Star.png */,
				65F8392717F110E000BAC36A /* 2Stars.png */,
				65F8392817F110E000BAC36A /* 3Stars.png */,
				65F8392917F110E000BAC36A /* 4Stars.png */,
				65F8392A17F110E000BAC36A /* 5Stars.png */,
				65B2C21017C7BBFA001D2445 /* Scallop00.jpg */,
				65B2C20E17C7B820001D2445 /* Hanbuger00.jpg */,
				65E11AC117B33D0600940B1A /* first.png */,
				65E11AC317B33D0600940B1A /* first@2x.png */,
				65E11AC817B33D0600940B1A /* second.png */,
				65E11ACA17B33D0600940B1A /* second@2x.png */,
			);
			name = assets;
			sourceTree = "<group>";
		};
		6590951317B8D0920068F69B /* model */ = {
			isa = PBXGroup;
			children = (
				6519FC641824975C0010942A /* vo */,
				6591054C17B681410085BEE6 /* UserModel.h */,
				6591054D17B681410085BEE6 /* UserModel.m */,
				6590951817BB3A820068F69B /* ReviewModel.h */,
				6590951917BB3A820068F69B /* ReviewModel.m */,
				6590951B17BB3D070068F69B /* UploadModel.h */,
				6590951C17BB3D070068F69B /* UploadModel.m */,
				6519FC58182378570010942A /* StorageModel.h */,
				6519FC59182378570010942A /* StorageModel.m */,
				6519FC5B18237A2E0010942A /* ItemDataModel.h */,
				6519FC5C18237A2E0010942A /* ItemDataModel.m */,
			);
			name = model;
			sourceTree = "<group>";
		};
		6590951417B8D0A60068F69B /* utils */ = {
			isa = PBXGroup;
			children = (
				6590951517B8D1CD0068F69B /* App42_API_Utils.h */,
				6590951617B8D1CD0068F69B /* App42_API_Utils.m */,
			);
			name = utils;
			sourceTree = "<group>";
		};
		65A471691817527900C18DAC /* ctrls */ = {
			isa = PBXGroup;
			children = (
				6519FC48181CCAA40010942A /* cells */,
				65C004A817B4F61D00D3565F /* LoginViewController.h */,
				65C004A917B4F61E00D3565F /* LoginViewController.m */,
				65E11ABE17B33D0600940B1A /* VC_FeatureCateItems.h */,
				65E11ABF17B33D0600940B1A /* VC_FeatureCateItems.m */,
				65E11AC517B33D0600940B1A /* SecondViewController.h */,
				65E11AC617B33D0600940B1A /* SecondViewController.m */,
				6598CAD817B48B5A0054E127 /* ComplexReviewViewController.h */,
				6598CAD917B48B5A0054E127 /* ComplexReviewViewController.m */,
				65B2C20617C3C6EC001D2445 /* FourthViewController.h */,
				65B2C20717C3C6EC001D2445 /* FourthViewController.m */,
				65A4716A181752F600C18DAC /* VC_SegueImageUpload.h */,
				65A4716B181752F600C18DAC /* VC_SegueImageUpload.m */,
				65A4716D181754A200C18DAC /* VC_SegueCateItemAdd.h */,
				65A4716E181754A200C18DAC /* VC_SegueCateItemAdd.m */,
				6519FC5518236CFB0010942A /* VC_SegueCateItemReview.h */,
				6519FC5618236CFB0010942A /* VC_SegueCateItemReview.m */,
			);
			name = ctrls;
			sourceTree = "<group>";
		};
		65E11A9417B33D0600940B1A = {
			isa = PBXGroup;
			children = (
				65E11AA617B33D0600940B1A /* FurryBear_iOS */,
				65E11A9F17B33D0600940B1A /* Frameworks */,
				65E11A9E17B33D0600940B1A /* Products */,
			);
			sourceTree = "<group>";
		};
		65E11A9E17B33D0600940B1A /* Products */ = {
			isa = PBXGroup;
			children = (
				65E11A9D17B33D0600940B1A /* FurryBear_iOS.app */,
			);
			name = Products;
			sourceTree = "<group>";
		};
		65E11A9F17B33D0600940B1A /* Frameworks */ = {
			isa = PBXGroup;
			children = (
				6519FC5E18240CC30010942A /* Shephertz_App42_iOS_API.framework */,
				65E11AA017B33D0600940B1A /* UIKit.framework */,
				65E11AA217B33D0600940B1A /* Foundation.framework */,
				65E11AA417B33D0600940B1A /* CoreGraphics.framework */,
			);
			name = Frameworks;
			sourceTree = "<group>";
		};
		65E11AA617B33D0600940B1A /* FurryBear_iOS */ = {
			isa = PBXGroup;
			children = (
				6536E42F1825ED640024CAF2 /* AsyncImageView */,
				6519FC601824929F0010942A /* JSONKit */,
				6519FC4C182346BF0010942A /* MBProgressHUD */,
				65A471691817527900C18DAC /* ctrls */,
				6590951417B8D0A60068F69B /* utils */,
				6590951317B8D0920068F69B /* model */,
				6590950C17B8B0F40068F69B /* assets */,
				65E11AAF17B33D0600940B1A /* AppDelegate.h */,
				65E11AB017B33D0600940B1A /* AppDelegate.m */,
				65E11AB817B33D0600940B1A /* MainStoryboard_iPhone.storyboard */,
				65E11ABB17B33D0600940B1A /* MainStoryboard_iPad.storyboard */,
				65E11AA717B33D0600940B1A /* Supporting Files */,
			);
			path = FurryBear_iOS;
			sourceTree = "<group>";
		};
		65E11AA717B33D0600940B1A /* Supporting Files */ = {
			isa = PBXGroup;
			children = (
				65E11AA817B33D0600940B1A /* FurryBear_iOS-Info.plist */,
				65E11AA917B33D0600940B1A /* InfoPlist.strings */,
				65E11AAC17B33D0600940B1A /* main.m */,
				65E11AAE17B33D0600940B1A /* FurryBear_iOS-Prefix.pch */,
				65E11AB217B33D0600940B1A /* Default.png */,
				65E11AB417B33D0600940B1A /* Default@2x.png */,
				65E11AB617B33D0600940B1A /* Default-568h@2x.png */,
			);
			name = "Supporting Files";
			sourceTree = "<group>";
		};
/* End PBXGroup section */

/* Begin PBXNativeTarget section */
		65E11A9C17B33D0600940B1A /* FurryBear_iOS */ = {
			isa = PBXNativeTarget;
			buildConfigurationList = 65E11ACE17B33D0700940B1A /* Build configuration list for PBXNativeTarget "FurryBear_iOS" */;
			buildPhases = (
				65E11A9917B33D0600940B1A /* Sources */,
				65E11A9A17B33D0600940B1A /* Frameworks */,
				65E11A9B17B33D0600940B1A /* Resources */,
			);
			buildRules = (
			);
			dependencies = (
			);
			name = FurryBear_iOS;
			productName = FurryBear_iOS;
			productReference = 65E11A9D17B33D0600940B1A /* FurryBear_iOS.app */;
			productType = "com.apple.product-type.application";
		};
/* End PBXNativeTarget section */

/* Begin PBXProject section */
		65E11A9517B33D0600940B1A /* Project object */ = {
			isa = PBXProject;
			attributes = {
				LastUpgradeCheck = 0460;
				ORGANIZATIONNAME = GODPAPER;
			};
			buildConfigurationList = 65E11A9817B33D0600940B1A /* Build configuration list for PBXProject "FurryBear_iOS" */;
			compatibilityVersion = "Xcode 3.2";
			developmentRegion = English;
			hasScannedForEncodings = 0;
			knownRegions = (
				en,
			);
			mainGroup = 65E11A9417B33D0600940B1A;
			productRefGroup = 65E11A9E17B33D0600940B1A /* Products */;
			projectDirPath = "";
			projectRoot = "";
			targets = (
				65E11A9C17B33D0600940B1A /* FurryBear_iOS */,
			);
		};
/* End PBXProject section */

/* Begin PBXResourcesBuildPhase section */
		65E11A9B17B33D0600940B1A /* Resources */ = {
			isa = PBXResourcesBuildPhase;
			buildActionMask = 2147483647;
			files = (
				65E11AAB17B33D0600940B1A /* InfoPlist.strings in Resources */,
				65E11AB317B33D0600940B1A /* Default.png in Resources */,
				65E11AB517B33D0600940B1A /* Default@2x.png in Resources */,
				65E11AB717B33D0600940B1A /* Default-568h@2x.png in Resources */,
				65E11ABA17B33D0600940B1A /* MainStoryboard_iPhone.storyboard in Resources */,
				65E11ABD17B33D0600940B1A /* MainStoryboard_iPad.storyboard in Resources */,
				6519FC51182346FA0010942A /* LICENSE in Resources */,
				65E11AC217B33D0600940B1A /* first.png in Resources */,
				65E11AC417B33D0600940B1A /* first@2x.png in Resources */,
				65E11AC917B33D0600940B1A /* second.png in Resources */,
				65E11ACB17B33D0700940B1A /* second@2x.png in Resources */,
				65B2C20F17C7B820001D2445 /* Hanbuger00.jpg in Resources */,
				65B2C21117C7BBFA001D2445 /* Scallop00.jpg in Resources */,
				65F8392B17F110E000BAC36A /* 1Star.png in Resources */,
				65F8392C17F110E000BAC36A /* 2Stars.png in Resources */,
				65F8392D17F110E000BAC36A /* 3Stars.png in Resources */,
				65F8392E17F110E000BAC36A /* 4Stars.png in Resources */,
				65F8392F17F110E000BAC36A /* 5Stars.png in Resources */,
			);
			runOnlyForDeploymentPostprocessing = 0;
		};
/* End PBXResourcesBuildPhase section */

/* Begin PBXSourcesBuildPhase section */
		65E11A9917B33D0600940B1A /* Sources */ = {
			isa = PBXSourcesBuildPhase;
			buildActionMask = 2147483647;
			files = (
				65E11AAD17B33D0600940B1A /* main.m in Sources */,
				65E11AB117B33D0600940B1A /* AppDelegate.m in Sources */,
				65E11AC017B33D0600940B1A /* VC_FeatureCateItems.m in Sources */,
				65E11AC717B33D0600940B1A /* SecondViewController.m in Sources */,
				6519FC4B181CCE5E0010942A /* FeatureCell.m in Sources */,
				6519FC5D18237A2E0010942A /* ItemDataModel.m in Sources */,
				6598CADA17B48B5A0054E127 /* ComplexReviewViewController.m in Sources */,
				65C004AA17B4F61E00D3565F /* LoginViewController.m in Sources */,
				65A4716C181752F600C18DAC /* VC_SegueImageUpload.m in Sources */,
				6591054E17B681410085BEE6 /* UserModel.m in Sources */,
				6519FC5A182378570010942A /* StorageModel.m in Sources */,
				6590951717B8D1CD0068F69B /* App42_API_Utils.m in Sources */,
				65A4716F181754A200C18DAC /* VC_SegueCateItemAdd.m in Sources */,
				6536E4321825ED810024CAF2 /* AsyncImageView.m in Sources */,
				6519FC5718236CFB0010942A /* VC_SegueCateItemReview.m in Sources */,
				6519FC63182492B70010942A /* JSONKit.m in Sources */,
				6590951A17BB3A820068F69B /* ReviewModel.m in Sources */,
				6590951D17BB3D070068F69B /* UploadModel.m in Sources */,
				65B2C20817C3C6EC001D2445 /* FourthViewController.m in Sources */,
				6519FC4F182346EC0010942A /* MBProgressHUD.m in Sources */,
			);
			runOnlyForDeploymentPostprocessing = 0;
		};
/* End PBXSourcesBuildPhase section */

/* Begin PBXVariantGroup section */
		65E11AA917B33D0600940B1A /* InfoPlist.strings */ = {
			isa = PBXVariantGroup;
			children = (
				65E11AAA17B33D0600940B1A /* en */,
			);
			name = InfoPlist.strings;
			sourceTree = "<group>";
		};
		65E11AB817B33D0600940B1A /* MainStoryboard_iPhone.storyboard */ = {
			isa = PBXVariantGroup;
			children = (
				65E11AB917B33D0600940B1A /* en */,
			);
			name = MainStoryboard_iPhone.storyboard;
			sourceTree = "<group>";
		};
		65E11ABB17B33D0600940B1A /* MainStoryboard_iPad.storyboard */ = {
			isa = PBXVariantGroup;
			children = (
				65E11ABC17B33D0600940B1A /* en */,
			);
			name = MainStoryboard_iPad.storyboard;
			sourceTree = "<group>";
		};
/* End PBXVariantGroup section */

/* Begin XCBuildConfiguration section */
		65E11ACC17B33D0700940B1A /* Debug */ = {
			isa = XCBuildConfiguration;
			buildSettings = {
				ALWAYS_SEARCH_USER_PATHS = NO;
				CLANG_CXX_LANGUAGE_STANDARD = "gnu++0x";
				CLANG_CXX_LIBRARY = "libc++";
				CLANG_WARN_CONSTANT_CONVERSION = YES;
				CLANG_WARN_EMPTY_BODY = YES;
				CLANG_WARN_ENUM_CONVERSION = YES;
				CLANG_WARN_INT_CONVERSION = YES;
				CLANG_WARN__DUPLICATE_METHOD_MATCH = YES;
				CODE_SIGN_IDENTITY = "iPhone Developer";
				"CODE_SIGN_IDENTITY[sdk=iphoneos*]" = "iPhone Developer";
				COPY_PHASE_STRIP = NO;
				GCC_C_LANGUAGE_STANDARD = gnu99;
				GCC_DYNAMIC_NO_PIC = NO;
				GCC_OPTIMIZATION_LEVEL = 0;
				GCC_PREPROCESSOR_DEFINITIONS = (
					"DEBUG=1",
					"$(inherited)",
				);
				GCC_SYMBOLS_PRIVATE_EXTERN = NO;
				GCC_WARN_ABOUT_RETURN_TYPE = YES;
				GCC_WARN_UNINITIALIZED_AUTOS = YES;
				GCC_WARN_UNUSED_VARIABLE = YES;
				IPHONEOS_DEPLOYMENT_TARGET = 6.0;
				ONLY_ACTIVE_ARCH = YES;
				PROVISIONING_PROFILE = "";
				"PROVISIONING_PROFILE[sdk=iphoneos*]" = "";
				SDKROOT = iphoneos;
				TARGETED_DEVICE_FAMILY = "1,2";
			};
			name = Debug;
		};
		65E11ACD17B33D0700940B1A /* Release */ = {
			isa = XCBuildConfiguration;
			buildSettings = {
				ALWAYS_SEARCH_USER_PATHS = NO;
				CLANG_CXX_LANGUAGE_STANDARD = "gnu++0x";
				CLANG_CXX_LIBRARY = "libc++";
				CLANG_WARN_CONSTANT_CONVERSION = YES;
				CLANG_WARN_EMPTY_BODY = YES;
				CLANG_WARN_ENUM_CONVERSION = YES;
				CLANG_WARN_INT_CONVERSION = YES;
				CLANG_WARN__DUPLICATE_METHOD_MATCH = YES;
				CODE_SIGN_IDENTITY = "iPhone Developer";
				"CODE_SIGN_IDENTITY[sdk=iphoneos*]" = "iPhone Developer";
				COPY_PHASE_STRIP = YES;
				GCC_C_LANGUAGE_STANDARD = gnu99;
				GCC_WARN_ABOUT_RETURN_TYPE = YES;
				GCC_WARN_UNINITIALIZED_AUTOS = YES;
				GCC_WARN_UNUSED_VARIABLE = YES;
				IPHONEOS_DEPLOYMENT_TARGET = 6.0;
				OTHER_CFLAGS = "-DNS_BLOCK_ASSERTIONS=1";
				PROVISIONING_PROFILE = "";
				"PROVISIONING_PROFILE[sdk=iphoneos*]" = "";
				SDKROOT = iphoneos;
				TARGETED_DEVICE_FAMILY = "1,2";
				VALIDATE_PRODUCT = YES;
			};
			name = Release;
		};
		65E11ACF17B33D0700940B1A /* Debug */ = {
			isa = XCBuildConfiguration;
			buildSettings = {
				FRAMEWORK_SEARCH_PATHS = (
					"$(inherited)",
					"$(SRCROOT)",
					/Users/yangboz/Documents/Git/App42_iOS_SDK/1.7,
				);
				GCC_PRECOMPILE_PREFIX_HEADER = YES;
				GCC_PREFIX_HEADER = "FurryBear_iOS/FurryBear_iOS-Prefix.pch";
				INFOPLIST_FILE = "FurryBear_iOS/FurryBear_iOS-Info.plist";
				IPHONEOS_DEPLOYMENT_TARGET = 6.0;
				PRODUCT_NAME = "$(TARGET_NAME)";
				TARGETED_DEVICE_FAMILY = "1,2";
				WRAPPER_EXTENSION = app;
			};
			name = Debug;
		};
		65E11AD017B33D0700940B1A /* Release */ = {
			isa = XCBuildConfiguration;
			buildSettings = {
				FRAMEWORK_SEARCH_PATHS = (
					"$(inherited)",
					"$(SRCROOT)",
					/Users/yangboz/Documents/Git/App42_iOS_SDK/1.7,
				);
				GCC_PRECOMPILE_PREFIX_HEADER = YES;
				GCC_PREFIX_HEADER = "FurryBear_iOS/FurryBear_iOS-Prefix.pch";
				INFOPLIST_FILE = "FurryBear_iOS/FurryBear_iOS-Info.plist";
				IPHONEOS_DEPLOYMENT_TARGET = 6.0;
				PRODUCT_NAME = "$(TARGET_NAME)";
				TARGETED_DEVICE_FAMILY = "1,2";
				WRAPPER_EXTENSION = app;
			};
			name = Release;
		};
/* End XCBuildConfiguration section */

/* Begin XCConfigurationList section */
		65E11A9817B33D0600940B1A /* Build configuration list for PBXProject "FurryBear_iOS" */ = {
			isa = XCConfigurationList;
			buildConfigurations = (
				65E11ACC17B33D0700940B1A /* Debug */,
				65E11ACD17B33D0700940B1A /* Release */,
			);
			defaultConfigurationIsVisible = 0;
			defaultConfigurationName = Release;
		};
		65E11ACE17B33D0700940B1A /* Build configuration list for PBXNativeTarget "FurryBear_iOS" */ = {
			isa = XCConfigurationList;
			buildConfigurations = (
				65E11ACF17B33D0700940B1A /* Debug */,
				65E11AD017B33D0700940B1A /* Release */,
			);
			defaultConfigurationIsVisible = 0;
			defaultConfigurationName = Release;
		};
/* End XCConfigurationList section */
	};
	rootObject = 65E11A9517B33D0600940B1A /* Project object */;
}
